// !$*UTF8*$!
{
	archiveVersion = 1;
	classes = {
	};
	objectVersion = 55;
	objects = {

/* Begin PBXBuildFile section */
		AB02CEB7275DA45B000C011D /* CalendarView.swift in Sources */ = {isa = PBXBuildFile; fileRef = AB02CEB6275DA45B000C011D /* CalendarView.swift */; };
		AB02CEB8275DA45B000C011D /* CalendarView.swift in Sources */ = {isa = PBXBuildFile; fileRef = AB02CEB6275DA45B000C011D /* CalendarView.swift */; };
		AB02CEBA275DA478000C011D /* ProfileView.swift in Sources */ = {isa = PBXBuildFile; fileRef = AB02CEB9275DA478000C011D /* ProfileView.swift */; };
		AB02CEBB275DA478000C011D /* ProfileView.swift in Sources */ = {isa = PBXBuildFile; fileRef = AB02CEB9275DA478000C011D /* ProfileView.swift */; };
		AB02CEBD275DA4B9000C011D /* AddNewRBTView.swift in Sources */ = {isa = PBXBuildFile; fileRef = AB02CEBC275DA4B9000C011D /* AddNewRBTView.swift */; };
		AB02CEBE275DA4B9000C011D /* AddNewRBTView.swift in Sources */ = {isa = PBXBuildFile; fileRef = AB02CEBC275DA4B9000C011D /* AddNewRBTView.swift */; };
		AB171CED275D9B52008C19BB /* Tests_iOS.swift in Sources */ = {isa = PBXBuildFile; fileRef = AB171CEC275D9B52008C19BB /* Tests_iOS.swift */; };
		AB171CEF275D9B52008C19BB /* Tests_iOSLaunchTests.swift in Sources */ = {isa = PBXBuildFile; fileRef = AB171CEE275D9B52008C19BB /* Tests_iOSLaunchTests.swift */; };
		AB171CF9275D9B52008C19BB /* Tests_macOS.swift in Sources */ = {isa = PBXBuildFile; fileRef = AB171CF8275D9B52008C19BB /* Tests_macOS.swift */; };
		AB171CFB275D9B52008C19BB /* Tests_macOSLaunchTests.swift in Sources */ = {isa = PBXBuildFile; fileRef = AB171CFA275D9B52008C19BB /* Tests_macOSLaunchTests.swift */; };
		AB171CFC275D9B52008C19BB /* rose_bud_thornApp.swift in Sources */ = {isa = PBXBuildFile; fileRef = AB171CD4275D9B50008C19BB /* rose_bud_thornApp.swift */; };
		AB171CFD275D9B52008C19BB /* rose_bud_thornApp.swift in Sources */ = {isa = PBXBuildFile; fileRef = AB171CD4275D9B50008C19BB /* rose_bud_thornApp.swift */; };
		AB171CFE275D9B52008C19BB /* ContentView.swift in Sources */ = {isa = PBXBuildFile; fileRef = AB171CD5275D9B50008C19BB /* ContentView.swift */; };
		AB171CFF275D9B52008C19BB /* ContentView.swift in Sources */ = {isa = PBXBuildFile; fileRef = AB171CD5275D9B50008C19BB /* ContentView.swift */; };
		AB171D00275D9B52008C19BB /* Assets.xcassets in Resources */ = {isa = PBXBuildFile; fileRef = AB171CD6275D9B52008C19BB /* Assets.xcassets */; };
		AB171D01275D9B52008C19BB /* Assets.xcassets in Resources */ = {isa = PBXBuildFile; fileRef = AB171CD6275D9B52008C19BB /* Assets.xcassets */; };
		AB720C602776BC1600BE7210 /* ProfileViewModel.swift in Sources */ = {isa = PBXBuildFile; fileRef = AB720C5F2776BC1600BE7210 /* ProfileViewModel.swift */; };
		AB720C612776BC1600BE7210 /* ProfileViewModel.swift in Sources */ = {isa = PBXBuildFile; fileRef = AB720C5F2776BC1600BE7210 /* ProfileViewModel.swift */; };
		AB720C632776BC2100BE7210 /* ProfileModel.swift in Sources */ = {isa = PBXBuildFile; fileRef = AB720C622776BC2100BE7210 /* ProfileModel.swift */; };
		AB720C642776BC2100BE7210 /* ProfileModel.swift in Sources */ = {isa = PBXBuildFile; fileRef = AB720C622776BC2100BE7210 /* ProfileModel.swift */; };
		AB7F6C0A275EF4320093F12C /* DayView.swift in Sources */ = {isa = PBXBuildFile; fileRef = AB7F6C09275EF4320093F12C /* DayView.swift */; };
		AB7F6C0B275EF4320093F12C /* DayView.swift in Sources */ = {isa = PBXBuildFile; fileRef = AB7F6C09275EF4320093F12C /* DayView.swift */; };
		AB7F6C0D275EF6560093F12C /* DayModel.swift in Sources */ = {isa = PBXBuildFile; fileRef = AB7F6C0C275EF6560093F12C /* DayModel.swift */; };
		AB7F6C0E275EF6560093F12C /* DayModel.swift in Sources */ = {isa = PBXBuildFile; fileRef = AB7F6C0C275EF6560093F12C /* DayModel.swift */; };
		AB7F6C112760465F0093F12C /* WeekView.swift in Sources */ = {isa = PBXBuildFile; fileRef = AB7F6C102760465F0093F12C /* WeekView.swift */; };
		AB7F6C122760465F0093F12C /* WeekView.swift in Sources */ = {isa = PBXBuildFile; fileRef = AB7F6C102760465F0093F12C /* WeekView.swift */; };
		AB7F6C14276046BB0093F12C /* MonthView.swift in Sources */ = {isa = PBXBuildFile; fileRef = AB7F6C13276046BB0093F12C /* MonthView.swift */; };
		AB7F6C15276046BB0093F12C /* MonthView.swift in Sources */ = {isa = PBXBuildFile; fileRef = AB7F6C13276046BB0093F12C /* MonthView.swift */; };
		AB7F6C172762EC1E0093F12C /* MonthViewModel.swift in Sources */ = {isa = PBXBuildFile; fileRef = AB7F6C162762EC1E0093F12C /* MonthViewModel.swift */; };
		AB7F6C182762EC1E0093F12C /* MonthViewModel.swift in Sources */ = {isa = PBXBuildFile; fileRef = AB7F6C162762EC1E0093F12C /* MonthViewModel.swift */; };
		AB97A4EF27852BF20073B099 /* ItemsService.swift in Sources */ = {isa = PBXBuildFile; fileRef = AB97A4EE27852BF20073B099 /* ItemsService.swift */; };
		ABLIVEACT002 /* LiveActivityManager.swift in Sources */ = {isa = PBXBuildFile; fileRef = ABLIVEACT001 /* LiveActivityManager.swift */; };
		ABLIVEACT004 /* DailySummaryService.swift in Sources */ = {isa = PBXBuildFile; fileRef = ABLIVEACT003 /* DailySummaryService.swift */; };
		ABLIVEACT006 /* DailySummaryAttributes.swift in Sources */ = {isa = PBXBuildFile; fileRef = ABLIVEACT005 /* DailySummaryAttributes.swift */; };
		ABLIVEACT008 /* DailySummaryLiveActivityView.swift in Sources */ = {isa = PBXBuildFile; fileRef = ABLIVEACT007 /* DailySummaryLiveActivityView.swift */; };
		ABLIVEACT010 /* LiveActivityControl.swift in Sources */ = {isa = PBXBuildFile; fileRef = ABLIVEACT009 /* LiveActivityControl.swift */; };
		ABCC971127716B13005475A7 /* DayViewModel.swift in Sources */ = {isa = PBXBuildFile; fileRef = ABCC971027716B13005475A7 /* DayViewModel.swift */; };
		ABCC971227716B13005475A7 /* DayViewModel.swift in Sources */ = {isa = PBXBuildFile; fileRef = ABCC971027716B13005475A7 /* DayViewModel.swift */; };
		ABCC97142772BF68005475A7 /* SplashScreenView.swift in Sources */ = {isa = PBXBuildFile; fileRef = ABCC97132772BF68005475A7 /* SplashScreenView.swift */; };
		ABCC97152772BF68005475A7 /* SplashScreenView.swift in Sources */ = {isa = PBXBuildFile; fileRef = ABCC97132772BF68005475A7 /* SplashScreenView.swift */; };
		ABCC97172772C27B005475A7 /* ItemView.swift in Sources */ = {isa = PBXBuildFile; fileRef = ABCC97162772C27B005475A7 /* ItemView.swift */; };
		ABCC97182772C27B005475A7 /* ItemView.swift in Sources */ = {isa = PBXBuildFile; fileRef = ABCC97162772C27B005475A7 /* ItemView.swift */; };
		ABEA37BD2777AEB9006390C7 /* AuthViewModel.swift in Sources */ = {isa = PBXBuildFile; fileRef = ABEA37BC2777AEB9006390C7 /* AuthViewModel.swift */; };
		ABEA37BE2777AEB9006390C7 /* AuthViewModel.swift in Sources */ = {isa = PBXBuildFile; fileRef = ABEA37BC2777AEB9006390C7 /* AuthViewModel.swift */; };
		ABF4142E277D483300AD2596 /* ItemViewModel.swift in Sources */ = {isa = PBXBuildFile; fileRef = ABF4142D277D483300AD2596 /* ItemViewModel.swift */; };
		ABF4142F277D483300AD2596 /* ItemViewModel.swift in Sources */ = {isa = PBXBuildFile; fileRef = ABF4142D277D483300AD2596 /* ItemViewModel.swift */; };
		ABF41431277D497F00AD2596 /* Item.swift in Sources */ = {isa = PBXBuildFile; fileRef = ABF41430277D497F00AD2596 /* Item.swift */; };
		ABF41432277D497F00AD2596 /* Item.swift in Sources */ = {isa = PBXBuildFile; fileRef = ABF41430277D497F00AD2596 /* Item.swift */; };
		ABF6302E2DF3D931004FE057 /* DesignSystem.swift in Sources */ = {isa = PBXBuildFile; fileRef = ABF6302D2DF3D931004FE057 /* DesignSystem.swift */; };
		ABF6302F2DF3D931004FE057 /* DesignSystem.swift in Sources */ = {isa = PBXBuildFile; fileRef = ABF6302D2DF3D931004FE057 /* DesignSystem.swift */; };
		ABF630332DF3DA0D004FE057 /* Assets.swift in Sources */ = {isa = PBXBuildFile; fileRef = ABF630312DF3DA0D004FE057 /* Assets.swift */; };
		ABF630342DF3DA0D004FE057 /* Assets.swift in Sources */ = {isa = PBXBuildFile; fileRef = ABF630312DF3DA0D004FE057 /* Assets.swift */; };
/* End PBXBuildFile section */

/* Begin PBXContainerItemProxy section */
		AB171CE9275D9B52008C19BB /* PBXContainerItemProxy */ = {
			isa = PBXContainerItemProxy;
			containerPortal = AB171CCF275D9B50008C19BB /* Project object */;
			proxyType = 1;
			remoteGlobalIDString = AB171CDA275D9B52008C19BB;
			remoteInfo = "rost.bud.thorn (iOS)";
		};
		AB171CF5275D9B52008C19BB /* PBXContainerItemProxy */ = {
			isa = PBXContainerItemProxy;
			containerPortal = AB171CCF275D9B50008C19BB /* Project object */;
			proxyType = 1;
			remoteGlobalIDString = AB171CE0275D9B52008C19BB;
			remoteInfo = "rost.bud.thorn (macOS)";
		};
/* End PBXContainerItemProxy section */

/* Begin PBXFileReference section */
		AB02CEB6275DA45B000C011D /* CalendarView.swift */ = {isa = PBXFileReference; lastKnownFileType = sourcecode.swift; path = CalendarView.swift; sourceTree = "<group>"; };
		AB02CEB9275DA478000C011D /* ProfileView.swift */ = {isa = PBXFileReference; lastKnownFileType = sourcecode.swift; path = ProfileView.swift; sourceTree = "<group>"; };
		AB02CEBC275DA4B9000C011D /* AddNewRBTView.swift */ = {isa = PBXFileReference; lastKnownFileType = sourcecode.swift; path = AddNewRBTView.swift; sourceTree = "<group>"; };
		AB171CD4275D9B50008C19BB /* rose_bud_thornApp.swift */ = {isa = PBXFileReference; lastKnownFileType = sourcecode.swift; path = rose_bud_thornApp.swift; sourceTree = "<group>"; };
		AB171CD5275D9B50008C19BB /* ContentView.swift */ = {isa = PBXFileReference; lastKnownFileType = sourcecode.swift; path = ContentView.swift; sourceTree = "<group>"; };
		AB171CD6275D9B52008C19BB /* Assets.xcassets */ = {isa = PBXFileReference; lastKnownFileType = folder.assetcatalog; path = Assets.xcassets; sourceTree = "<group>"; };
		AB171CDB275D9B52008C19BB /* rose.bud.thorn.app */ = {isa = PBXFileReference; explicitFileType = wrapper.application; includeInIndex = 0; path = rose.bud.thorn.app; sourceTree = BUILT_PRODUCTS_DIR; };
		AB171CE1275D9B52008C19BB /* rose.bud.thorn.app */ = {isa = PBXFileReference; explicitFileType = wrapper.application; includeInIndex = 0; path = rose.bud.thorn.app; sourceTree = BUILT_PRODUCTS_DIR; };
		AB171CE3275D9B52008C19BB /* macOS.entitlements */ = {isa = PBXFileReference; lastKnownFileType = text.plist.entitlements; path = macOS.entitlements; sourceTree = "<group>"; };
		AB171CE8275D9B52008C19BB /* Tests iOS.xctest */ = {isa = PBXFileReference; explicitFileType = wrapper.cfbundle; includeInIndex = 0; path = "Tests iOS.xctest"; sourceTree = BUILT_PRODUCTS_DIR; };
		AB171CEC275D9B52008C19BB /* Tests_iOS.swift */ = {isa = PBXFileReference; lastKnownFileType = sourcecode.swift; path = Tests_iOS.swift; sourceTree = "<group>"; };
		AB171CEE275D9B52008C19BB /* Tests_iOSLaunchTests.swift */ = {isa = PBXFileReference; lastKnownFileType = sourcecode.swift; path = Tests_iOSLaunchTests.swift; sourceTree = "<group>"; };
		AB171CF4275D9B52008C19BB /* Tests macOS.xctest */ = {isa = PBXFileReference; explicitFileType = wrapper.cfbundle; includeInIndex = 0; path = "Tests macOS.xctest"; sourceTree = BUILT_PRODUCTS_DIR; };
		AB171CF8275D9B52008C19BB /* Tests_macOS.swift */ = {isa = PBXFileReference; lastKnownFileType = sourcecode.swift; path = Tests_macOS.swift; sourceTree = "<group>"; };
		AB171CFA275D9B52008C19BB /* Tests_macOSLaunchTests.swift */ = {isa = PBXFileReference; lastKnownFileType = sourcecode.swift; path = Tests_macOSLaunchTests.swift; sourceTree = "<group>"; };
		AB720C5F2776BC1600BE7210 /* ProfileViewModel.swift */ = {isa = PBXFileReference; lastKnownFileType = sourcecode.swift; path = ProfileViewModel.swift; sourceTree = "<group>"; };
		AB720C622776BC2100BE7210 /* ProfileModel.swift */ = {isa = PBXFileReference; lastKnownFileType = sourcecode.swift; path = ProfileModel.swift; sourceTree = "<group>"; };
		AB7F6C09275EF4320093F12C /* DayView.swift */ = {isa = PBXFileReference; lastKnownFileType = sourcecode.swift; path = DayView.swift; sourceTree = "<group>"; };
		AB7F6C0C275EF6560093F12C /* DayModel.swift */ = {isa = PBXFileReference; lastKnownFileType = sourcecode.swift; path = DayModel.swift; sourceTree = "<group>"; };
		AB7F6C102760465F0093F12C /* WeekView.swift */ = {isa = PBXFileReference; lastKnownFileType = sourcecode.swift; path = WeekView.swift; sourceTree = "<group>"; };
		AB7F6C13276046BB0093F12C /* MonthView.swift */ = {isa = PBXFileReference; lastKnownFileType = sourcecode.swift; path = MonthView.swift; sourceTree = "<group>"; };
		AB7F6C162762EC1E0093F12C /* MonthViewModel.swift */ = {isa = PBXFileReference; lastKnownFileType = sourcecode.swift; path = MonthViewModel.swift; sourceTree = "<group>"; };
		AB97A4EE27852BF20073B099 /* ItemsService.swift */ = {isa = PBXFileReference; lastKnownFileType = sourcecode.swift; path = ItemsService.swift; sourceTree = "<group>"; };
		ABLIVEACT001 /* LiveActivityManager.swift */ = {isa = PBXFileReference; lastKnownFileType = sourcecode.swift; path = LiveActivityManager.swift; sourceTree = "<group>"; };
		ABLIVEACT003 /* DailySummaryService.swift */ = {isa = PBXFileReference; lastKnownFileType = sourcecode.swift; path = DailySummaryService.swift; sourceTree = "<group>"; };
		ABLIVEACT005 /* DailySummaryAttributes.swift */ = {isa = PBXFileReference; lastKnownFileType = sourcecode.swift; path = DailySummaryAttributes.swift; sourceTree = "<group>"; };
		ABLIVEACT007 /* DailySummaryLiveActivityView.swift */ = {isa = PBXFileReference; lastKnownFileType = sourcecode.swift; path = DailySummaryLiveActivityView.swift; sourceTree = "<group>"; };
		ABLIVEACT009 /* LiveActivityControl.swift */ = {isa = PBXFileReference; lastKnownFileType = sourcecode.swift; path = LiveActivityControl.swift; sourceTree = "<group>"; };
		ABCC971027716B13005475A7 /* DayViewModel.swift */ = {isa = PBXFileReference; lastKnownFileType = sourcecode.swift; path = DayViewModel.swift; sourceTree = "<group>"; };
		ABCC97132772BF68005475A7 /* SplashScreenView.swift */ = {isa = PBXFileReference; lastKnownFileType = sourcecode.swift; path = SplashScreenView.swift; sourceTree = "<group>"; };
		ABCC97162772C27B005475A7 /* ItemView.swift */ = {isa = PBXFileReference; lastKnownFileType = sourcecode.swift; path = ItemView.swift; sourceTree = "<group>"; };
		ABCC971927740B48005475A7 /* rose.bud.thorn (iOS).entitlements */ = {isa = PBXFileReference; lastKnownFileType = text.plist.entitlements; path = "rose.bud.thorn (iOS).entitlements"; sourceTree = "<group>"; };
		ABEA37BC2777AEB9006390C7 /* AuthViewModel.swift */ = {isa = PBXFileReference; lastKnownFileType = sourcecode.swift; path = AuthViewModel.swift; sourceTree = "<group>"; };
		ABF4142D277D483300AD2596 /* ItemViewModel.swift */ = {isa = PBXFileReference; lastKnownFileType = sourcecode.swift; path = ItemViewModel.swift; sourceTree = "<group>"; };
		ABF41430277D497F00AD2596 /* Item.swift */ = {isa = PBXFileReference; lastKnownFileType = sourcecode.swift; path = Item.swift; sourceTree = "<group>"; };
		ABF6302D2DF3D931004FE057 /* DesignSystem.swift */ = {isa = PBXFileReference; lastKnownFileType = sourcecode.swift; path = DesignSystem.swift; sourceTree = "<group>"; };
		ABF630312DF3DA0D004FE057 /* Assets.swift */ = {isa = PBXFileReference; lastKnownFileType = sourcecode.swift; path = Assets.swift; sourceTree = "<group>"; };
		ABF630352DF3DA61004FE057 /* DesignSystemTests.swift */ = {isa = PBXFileReference; lastKnownFileType = sourcecode.swift; path = DesignSystemTests.swift; sourceTree = "<group>"; };
/* End PBXFileReference section */

/* Begin PBXFrameworksBuildPhase section */
		AB171CD8275D9B52008C19BB /* Frameworks */ = {
			isa = PBXFrameworksBuildPhase;
			buildActionMask = 2147483647;
			files = (
			);
			runOnlyForDeploymentPostprocessing = 0;
		};
		AB171CDE275D9B52008C19BB /* Frameworks */ = {
			isa = PBXFrameworksBuildPhase;
			buildActionMask = 2147483647;
			files = (
			);
			runOnlyForDeploymentPostprocessing = 0;
		};
		AB171CE5275D9B52008C19BB /* Frameworks */ = {
			isa = PBXFrameworksBuildPhase;
			buildActionMask = 2147483647;
			files = (
			);
			runOnlyForDeploymentPostprocessing = 0;
		};
		AB171CF1275D9B52008C19BB /* Frameworks */ = {
			isa = PBXFrameworksBuildPhase;
			buildActionMask = 2147483647;
			files = (
			);
			runOnlyForDeploymentPostprocessing = 0;
		};
/* End PBXFrameworksBuildPhase section */

/* Begin PBXGroup section */
		AB171CCE275D9B50008C19BB = {
			isa = PBXGroup;
			children = (
				ABF630372DF3DA61004FE057 /* Tests */,
				ABCC971927740B48005475A7 /* rose.bud.thorn (iOS).entitlements */,
				AB171CD3275D9B50008C19BB /* Shared */,
				AB171CE2275D9B52008C19BB /* macOS */,
				AB171CEB275D9B52008C19BB /* Tests iOS */,
				AB171CF7275D9B52008C19BB /* Tests macOS */,
				AB171CDC275D9B52008C19BB /* Products */,
			);
			sourceTree = "<group>";
		};
		AB171CD3275D9B50008C19BB /* Shared */ = {
			isa = PBXGroup;
			children = (
				ABF630322DF3DA0D004FE057 /* Generated */,
				ABF6302D2DF3D931004FE057 /* DesignSystem.swift */,
				AB97A4ED27852BDC0073B099 /* Network */,
				AB7F6C1A2762F1900093F12C /* ViewModels */,
				AB7F6C192762F1740093F12C /* Models */,
				AB171CD4275D9B50008C19BB /* rose_bud_thornApp.swift */,
				AB7F6C1B2762F1B40093F12C /* Views */,
				AB171CD6275D9B52008C19BB /* Assets.xcassets */,
			);
			path = Shared;
			sourceTree = "<group>";
		};
		AB171CDC275D9B52008C19BB /* Products */ = {
			isa = PBXGroup;
			children = (
				AB171CDB275D9B52008C19BB /* rose.bud.thorn.app */,
				AB171CE1275D9B52008C19BB /* rose.bud.thorn.app */,
				AB171CE8275D9B52008C19BB /* Tests iOS.xctest */,
				AB171CF4275D9B52008C19BB /* Tests macOS.xctest */,
			);
			name = Products;
			sourceTree = "<group>";
		};
		AB171CE2275D9B52008C19BB /* macOS */ = {
			isa = PBXGroup;
			children = (
				AB171CE3275D9B52008C19BB /* macOS.entitlements */,
			);
			path = macOS;
			sourceTree = "<group>";
		};
		AB171CEB275D9B52008C19BB /* Tests iOS */ = {
			isa = PBXGroup;
			children = (
				AB171CEC275D9B52008C19BB /* Tests_iOS.swift */,
				AB171CEE275D9B52008C19BB /* Tests_iOSLaunchTests.swift */,
			);
			path = "Tests iOS";
			sourceTree = "<group>";
		};
		AB171CF7275D9B52008C19BB /* Tests macOS */ = {
			isa = PBXGroup;
			children = (
				AB171CF8275D9B52008C19BB /* Tests_macOS.swift */,
				AB171CFA275D9B52008C19BB /* Tests_macOSLaunchTests.swift */,
			);
			path = "Tests macOS";
			sourceTree = "<group>";
		};
		AB7F6C0F2760463B0093F12C /* Calendar */ = {
			isa = PBXGroup;
			children = (
				AB02CEB6275DA45B000C011D /* CalendarView.swift */,
				AB7F6C09275EF4320093F12C /* DayView.swift */,
				AB7F6C102760465F0093F12C /* WeekView.swift */,
				AB7F6C13276046BB0093F12C /* MonthView.swift */,
			);
			path = Calendar;
			sourceTree = "<group>";
		};
		AB7F6C192762F1740093F12C /* Models */ = {
			isa = PBXGroup;
			children = (
				AB7F6C0C275EF6560093F12C /* DayModel.swift */,
				AB720C622776BC2100BE7210 /* ProfileModel.swift */,
				ABF41430277D497F00AD2596 /* Item.swift */,
				ABLIVEACT005 /* DailySummaryAttributes.swift */,
			);
			path = Models;
			sourceTree = "<group>";
		};
		AB7F6C1A2762F1900093F12C /* ViewModels */ = {
			isa = PBXGroup;
			children = (
				AB7F6C162762EC1E0093F12C /* MonthViewModel.swift */,
				ABCC971027716B13005475A7 /* DayViewModel.swift */,
				AB720C5F2776BC1600BE7210 /* ProfileViewModel.swift */,
				ABEA37BC2777AEB9006390C7 /* AuthViewModel.swift */,
				ABF4142D277D483300AD2596 /* ItemViewModel.swift */,
			);
			path = ViewModels;
			sourceTree = "<group>";
		};
		AB7F6C1B2762F1B40093F12C /* Views */ = {
			isa = PBXGroup;
			children = (
				AB171CD5275D9B50008C19BB /* ContentView.swift */,
				AB7F6C0F2760463B0093F12C /* Calendar */,
				AB02CEB9275DA478000C011D /* ProfileView.swift */,
				AB02CEBC275DA4B9000C011D /* AddNewRBTView.swift */,
				ABCC97132772BF68005475A7 /* SplashScreenView.swift */,
				ABCC97162772C27B005475A7 /* ItemView.swift */,
				ABLIVEACT011 /* LiveActivity */,
			);
			path = Views;
			sourceTree = "<group>";
		};
		ABLIVEACT011 /* LiveActivity */ = {
			isa = PBXGroup;
			children = (
				ABLIVEACT007 /* DailySummaryLiveActivityView.swift */,
				ABLIVEACT009 /* LiveActivityControl.swift */,
			);
			path = LiveActivity;
			sourceTree = "<group>";
		};
		AB97A4ED27852BDC0073B099 /* Network */ = {
			isa = PBXGroup;
			children = (
				AB97A4EE27852BF20073B099 /* ItemsService.swift */,
				ABLIVEACT001 /* LiveActivityManager.swift */,
				ABLIVEACT003 /* DailySummaryService.swift */,
			);
			path = Network;
			sourceTree = "<group>";
		};
		ABF630322DF3DA0D004FE057 /* Generated */ = {
			isa = PBXGroup;
			children = (
				ABF630312DF3DA0D004FE057 /* Assets.swift */,
			);
			path = Generated;
			sourceTree = "<group>";
		};
		ABF630372DF3DA61004FE057 /* Tests */ = {
			isa = PBXGroup;
			children = (
				ABF630352DF3DA61004FE057 /* DesignSystemTests.swift */,
			);
			path = Tests;
			sourceTree = "<group>";
		};
/* End PBXGroup section */

/* Begin PBXNativeTarget section */
		AB171CDA275D9B52008C19BB /* rose.bud.thorn (iOS) */ = {
			isa = PBXNativeTarget;
			buildConfigurationList = AB171D04275D9B52008C19BB /* Build configuration list for PBXNativeTarget "rose.bud.thorn (iOS)" */;
			buildPhases = (
				AB171CD7275D9B52008C19BB /* Sources */,
				AB171CD8275D9B52008C19BB /* Frameworks */,
				AB171CD9275D9B52008C19BB /* Resources */,
			);
			buildRules = (
			);
			dependencies = (
			);
			name = "rose.bud.thorn (iOS)";
			productName = "rost.bud.thorn (iOS)";
			productReference = AB171CDB275D9B52008C19BB /* rose.bud.thorn.app */;
			productType = "com.apple.product-type.application";
		};
		AB171CE0275D9B52008C19BB /* rose.bud.thorn (macOS) */ = {
			isa = PBXNativeTarget;
			buildConfigurationList = AB171D07275D9B52008C19BB /* Build configuration list for PBXNativeTarget "rose.bud.thorn (macOS)" */;
			buildPhases = (
				AB171CDD275D9B52008C19BB /* Sources */,
				AB171CDE275D9B52008C19BB /* Frameworks */,
				AB171CDF275D9B52008C19BB /* Resources */,
			);
			buildRules = (
			);
			dependencies = (
			);
			name = "rose.bud.thorn (macOS)";
			productName = "rost.bud.thorn (macOS)";
			productReference = AB171CE1275D9B52008C19BB /* rose.bud.thorn.app */;
			productType = "com.apple.product-type.application";
		};
		AB171CE7275D9B52008C19BB /* Tests iOS */ = {
			isa = PBXNativeTarget;
			buildConfigurationList = AB171D0A275D9B52008C19BB /* Build configuration list for PBXNativeTarget "Tests iOS" */;
			buildPhases = (
				AB171CE4275D9B52008C19BB /* Sources */,
				AB171CE5275D9B52008C19BB /* Frameworks */,
				AB171CE6275D9B52008C19BB /* Resources */,
			);
			buildRules = (
			);
			dependencies = (
				AB171CEA275D9B52008C19BB /* PBXTargetDependency */,
			);
			name = "Tests iOS";
			productName = "Tests iOS";
			productReference = AB171CE8275D9B52008C19BB /* Tests iOS.xctest */;
			productType = "com.apple.product-type.bundle.ui-testing";
		};
		AB171CF3275D9B52008C19BB /* Tests macOS */ = {
			isa = PBXNativeTarget;
			buildConfigurationList = AB171D0D275D9B52008C19BB /* Build configuration list for PBXNativeTarget "Tests macOS" */;
			buildPhases = (
				AB171CF0275D9B52008C19BB /* Sources */,
				AB171CF1275D9B52008C19BB /* Frameworks */,
				AB171CF2275D9B52008C19BB /* Resources */,
			);
			buildRules = (
			);
			dependencies = (
				AB171CF6275D9B52008C19BB /* PBXTargetDependency */,
			);
			name = "Tests macOS";
			productName = "Tests macOS";
			productReference = AB171CF4275D9B52008C19BB /* Tests macOS.xctest */;
			productType = "com.apple.product-type.bundle.ui-testing";
		};
/* End PBXNativeTarget section */

/* Begin PBXProject section */
		AB171CCF275D9B50008C19BB /* Project object */ = {
			isa = PBXProject;
			attributes = {
				BuildIndependentTargetsInParallel = 1;
				LastSwiftUpdateCheck = 1310;
				LastUpgradeCheck = 1640;
				TargetAttributes = {
					AB171CDA275D9B52008C19BB = {
						CreatedOnToolsVersion = 13.1;
					};
					AB171CE0275D9B52008C19BB = {
						CreatedOnToolsVersion = 13.1;
					};
					AB171CE7275D9B52008C19BB = {
						CreatedOnToolsVersion = 13.1;
						TestTargetID = AB171CDA275D9B52008C19BB;
					};
					AB171CF3275D9B52008C19BB = {
						CreatedOnToolsVersion = 13.1;
						TestTargetID = AB171CE0275D9B52008C19BB;
					};
				};
			};
			buildConfigurationList = AB171CD2275D9B50008C19BB /* Build configuration list for PBXProject "rose.bud.thorn" */;
			compatibilityVersion = "Xcode 13.0";
			developmentRegion = en;
			hasScannedForEncodings = 0;
			knownRegions = (
				en,
				Base,
			);
			mainGroup = AB171CCE275D9B50008C19BB;
			packageReferences = (
			);
			productRefGroup = AB171CDC275D9B52008C19BB /* Products */;
			projectDirPath = "";
			projectRoot = "";
			targets = (
				AB171CDA275D9B52008C19BB /* rose.bud.thorn (iOS) */,
				AB171CE0275D9B52008C19BB /* rose.bud.thorn (macOS) */,
				AB171CE7275D9B52008C19BB /* Tests iOS */,
				AB171CF3275D9B52008C19BB /* Tests macOS */,
			);
		};
/* End PBXProject section */

/* Begin PBXResourcesBuildPhase section */
		AB171CD9275D9B52008C19BB /* Resources */ = {
			isa = PBXResourcesBuildPhase;
			buildActionMask = 2147483647;
			files = (
				AB171D00275D9B52008C19BB /* Assets.xcassets in Resources */,
			);
			runOnlyForDeploymentPostprocessing = 0;
		};
		AB171CDF275D9B52008C19BB /* Resources */ = {
			isa = PBXResourcesBuildPhase;
			buildActionMask = 2147483647;
			files = (
				AB171D01275D9B52008C19BB /* Assets.xcassets in Resources */,
			);
			runOnlyForDeploymentPostprocessing = 0;
		};
		AB171CE6275D9B52008C19BB /* Resources */ = {
			isa = PBXResourcesBuildPhase;
			buildActionMask = 2147483647;
			files = (
			);
			runOnlyForDeploymentPostprocessing = 0;
		};
		AB171CF2275D9B52008C19BB /* Resources */ = {
			isa = PBXResourcesBuildPhase;
			buildActionMask = 2147483647;
			files = (
			);
			runOnlyForDeploymentPostprocessing = 0;
		};
/* End PBXResourcesBuildPhase section */

/* Begin PBXSourcesBuildPhase section */
		AB171CD7275D9B52008C19BB /* Sources */ = {
			isa = PBXSourcesBuildPhase;
			buildActionMask = 2147483647;
			files = (
				AB720C632776BC2100BE7210 /* ProfileModel.swift in Sources */,
				ABCC971127716B13005475A7 /* DayViewModel.swift in Sources */,
				ABF4142E277D483300AD2596 /* ItemViewModel.swift in Sources */,
				AB02CEBA275DA478000C011D /* ProfileView.swift in Sources */,
				AB02CEBD275DA4B9000C011D /* AddNewRBTView.swift in Sources */,
				AB7F6C0D275EF6560093F12C /* DayModel.swift in Sources */,
				AB7F6C172762EC1E0093F12C /* MonthViewModel.swift in Sources */,
				AB7F6C112760465F0093F12C /* WeekView.swift in Sources */,
				ABF630332DF3DA0D004FE057 /* Assets.swift in Sources */,
				AB720C602776BC1600BE7210 /* ProfileViewModel.swift in Sources */,
				AB171CFE275D9B52008C19BB /* ContentView.swift in Sources */,
				ABF41431277D497F00AD2596 /* Item.swift in Sources */,
				AB7F6C0A275EF4320093F12C /* DayView.swift in Sources */,
				AB02CEB7275DA45B000C011D /* CalendarView.swift in Sources */,
				ABCC97172772C27B005475A7 /* ItemView.swift in Sources */,
				ABEA37BD2777AEB9006390C7 /* AuthViewModel.swift in Sources */,
				AB97A4EF27852BF20073B099 /* ItemsService.swift in Sources */,
				ABLIVEACT002 /* LiveActivityManager.swift in Sources */,
				ABLIVEACT004 /* DailySummaryService.swift in Sources */,
				ABLIVEACT006 /* DailySummaryAttributes.swift in Sources */,
				ABLIVEACT008 /* DailySummaryLiveActivityView.swift in Sources */,
				ABLIVEACT010 /* LiveActivityControl.swift in Sources */,
				ABF6302E2DF3D931004FE057 /* DesignSystem.swift in Sources */,
				AB7F6C14276046BB0093F12C /* MonthView.swift in Sources */,
				AB171CFC275D9B52008C19BB /* rose_bud_thornApp.swift in Sources */,
				ABCC97142772BF68005475A7 /* SplashScreenView.swift in Sources */,
			);
			runOnlyForDeploymentPostprocessing = 0;
		};
		AB171CDD275D9B52008C19BB /* Sources */ = {
			isa = PBXSourcesBuildPhase;
			buildActionMask = 2147483647;
			files = (
				AB720C642776BC2100BE7210 /* ProfileModel.swift in Sources */,
				ABCC971227716B13005475A7 /* DayViewModel.swift in Sources */,
				ABF4142F277D483300AD2596 /* ItemViewModel.swift in Sources */,
				AB02CEBB275DA478000C011D /* ProfileView.swift in Sources */,
				AB02CEBE275DA4B9000C011D /* AddNewRBTView.swift in Sources */,
				AB7F6C0E275EF6560093F12C /* DayModel.swift in Sources */,
				AB7F6C182762EC1E0093F12C /* MonthViewModel.swift in Sources */,
				AB7F6C122760465F0093F12C /* WeekView.swift in Sources */,
				AB720C612776BC1600BE7210 /* ProfileViewModel.swift in Sources */,
				AB171CFF275D9B52008C19BB /* ContentView.swift in Sources */,
				ABF41432277D497F00AD2596 /* Item.swift in Sources */,
				AB7F6C0B275EF4320093F12C /* DayView.swift in Sources */,
				ABF6302F2DF3D931004FE057 /* DesignSystem.swift in Sources */,
				AB02CEB8275DA45B000C011D /* CalendarView.swift in Sources */,
				ABCC97182772C27B005475A7 /* ItemView.swift in Sources */,
				ABEA37BE2777AEB9006390C7 /* AuthViewModel.swift in Sources */,
				AB7F6C15276046BB0093F12C /* MonthView.swift in Sources */,
				AB171CFD275D9B52008C19BB /* rose_bud_thornApp.swift in Sources */,
				ABF630342DF3DA0D004FE057 /* Assets.swift in Sources */,
				ABCC97152772BF68005475A7 /* SplashScreenView.swift in Sources */,
			);
			runOnlyForDeploymentPostprocessing = 0;
		};
		AB171CE4275D9B52008C19BB /* Sources */ = {
			isa = PBXSourcesBuildPhase;
			buildActionMask = 2147483647;
			files = (
				AB171CEF275D9B52008C19BB /* Tests_iOSLaunchTests.swift in Sources */,
				AB171CED275D9B52008C19BB /* Tests_iOS.swift in Sources */,
			);
			runOnlyForDeploymentPostprocessing = 0;
		};
		AB171CF0275D9B52008C19BB /* Sources */ = {
			isa = PBXSourcesBuildPhase;
			buildActionMask = 2147483647;
			files = (
				AB171CFB275D9B52008C19BB /* Tests_macOSLaunchTests.swift in Sources */,
				AB171CF9275D9B52008C19BB /* Tests_macOS.swift in Sources */,
			);
			runOnlyForDeploymentPostprocessing = 0;
		};
/* End PBXSourcesBuildPhase section */

/* Begin PBXTargetDependency section */
		AB171CEA275D9B52008C19BB /* PBXTargetDependency */ = {
			isa = PBXTargetDependency;
			target = AB171CDA275D9B52008C19BB /* rose.bud.thorn (iOS) */;
			targetProxy = AB171CE9275D9B52008C19BB /* PBXContainerItemProxy */;
		};
		AB171CF6275D9B52008C19BB /* PBXTargetDependency */ = {
			isa = PBXTargetDependency;
			target = AB171CE0275D9B52008C19BB /* rose.bud.thorn (macOS) */;
			targetProxy = AB171CF5275D9B52008C19BB /* PBXContainerItemProxy */;
		};
/* End PBXTargetDependency section */

/* Begin XCBuildConfiguration section */
		AB171D02275D9B52008C19BB /* Debug */ = {
			isa = XCBuildConfiguration;
			buildSettings = {
				ALWAYS_SEARCH_USER_PATHS = NO;
				ASSETCATALOG_COMPILER_GENERATE_SWIFT_ASSET_SYMBOL_EXTENSIONS = YES;
				CLANG_ANALYZER_NONNULL = YES;
				CLANG_ANALYZER_NUMBER_OBJECT_CONVERSION = YES_AGGRESSIVE;
				CLANG_CXX_LANGUAGE_STANDARD = "gnu++17";
				CLANG_CXX_LIBRARY = "libc++";
				CLANG_ENABLE_MODULES = YES;
				CLANG_ENABLE_OBJC_ARC = YES;
				CLANG_ENABLE_OBJC_WEAK = YES;
				CLANG_WARN_BLOCK_CAPTURE_AUTORELEASING = YES;
				CLANG_WARN_BOOL_CONVERSION = YES;
				CLANG_WARN_COMMA = YES;
				CLANG_WARN_CONSTANT_CONVERSION = YES;
				CLANG_WARN_DEPRECATED_OBJC_IMPLEMENTATIONS = YES;
				CLANG_WARN_DIRECT_OBJC_ISA_USAGE = YES_ERROR;
				CLANG_WARN_DOCUMENTATION_COMMENTS = YES;
				CLANG_WARN_EMPTY_BODY = YES;
				CLANG_WARN_ENUM_CONVERSION = YES;
				CLANG_WARN_INFINITE_RECURSION = YES;
				CLANG_WARN_INT_CONVERSION = YES;
				CLANG_WARN_NON_LITERAL_NULL_CONVERSION = YES;
				CLANG_WARN_OBJC_IMPLICIT_RETAIN_SELF = YES;
				CLANG_WARN_OBJC_LITERAL_CONVERSION = YES;
				CLANG_WARN_OBJC_ROOT_CLASS = YES_ERROR;
				CLANG_WARN_QUOTED_INCLUDE_IN_FRAMEWORK_HEADER = YES;
				CLANG_WARN_RANGE_LOOP_ANALYSIS = YES;
				CLANG_WARN_STRICT_PROTOTYPES = YES;
				CLANG_WARN_SUSPICIOUS_MOVE = YES;
				CLANG_WARN_UNGUARDED_AVAILABILITY = YES_AGGRESSIVE;
				CLANG_WARN_UNREACHABLE_CODE = YES;
				CLANG_WARN__DUPLICATE_METHOD_MATCH = YES;
				COPY_PHASE_STRIP = NO;
				DEAD_CODE_STRIPPING = YES;
				DEBUG_INFORMATION_FORMAT = dwarf;
				DEVELOPMENT_TEAM = CUUXST9H3K;
				ENABLE_STRICT_OBJC_MSGSEND = YES;
				ENABLE_TESTABILITY = YES;
				ENABLE_USER_SCRIPT_SANDBOXING = YES;
				GCC_C_LANGUAGE_STANDARD = gnu11;
				GCC_DYNAMIC_NO_PIC = NO;
				GCC_NO_COMMON_BLOCKS = YES;
				GCC_OPTIMIZATION_LEVEL = 0;
				GCC_PREPROCESSOR_DEFINITIONS = (
					"DEBUG=1",
					"$(inherited)",
				);
				GCC_WARN_64_TO_32_BIT_CONVERSION = YES;
				GCC_WARN_ABOUT_RETURN_TYPE = YES_ERROR;
				GCC_WARN_UNDECLARED_SELECTOR = YES;
				GCC_WARN_UNINITIALIZED_AUTOS = YES_AGGRESSIVE;
				GCC_WARN_UNUSED_FUNCTION = YES;
				GCC_WARN_UNUSED_VARIABLE = YES;
				MTL_ENABLE_DEBUG_INFO = INCLUDE_SOURCE;
				MTL_FAST_MATH = YES;
				ONLY_ACTIVE_ARCH = YES;
				SWIFT_ACTIVE_COMPILATION_CONDITIONS = DEBUG;
				SWIFT_OPTIMIZATION_LEVEL = "-Onone";
			};
			name = Debug;
		};
		AB171D03275D9B52008C19BB /* Release */ = {
			isa = XCBuildConfiguration;
			buildSettings = {
				ALWAYS_SEARCH_USER_PATHS = NO;
				ASSETCATALOG_COMPILER_GENERATE_SWIFT_ASSET_SYMBOL_EXTENSIONS = YES;
				CLANG_ANALYZER_NONNULL = YES;
				CLANG_ANALYZER_NUMBER_OBJECT_CONVERSION = YES_AGGRESSIVE;
				CLANG_CXX_LANGUAGE_STANDARD = "gnu++17";
				CLANG_CXX_LIBRARY = "libc++";
				CLANG_ENABLE_MODULES = YES;
				CLANG_ENABLE_OBJC_ARC = YES;
				CLANG_ENABLE_OBJC_WEAK = YES;
				CLANG_WARN_BLOCK_CAPTURE_AUTORELEASING = YES;
				CLANG_WARN_BOOL_CONVERSION = YES;
				CLANG_WARN_COMMA = YES;
				CLANG_WARN_CONSTANT_CONVERSION = YES;
				CLANG_WARN_DEPRECATED_OBJC_IMPLEMENTATIONS = YES;
				CLANG_WARN_DIRECT_OBJC_ISA_USAGE = YES_ERROR;
				CLANG_WARN_DOCUMENTATION_COMMENTS = YES;
				CLANG_WARN_EMPTY_BODY = YES;
				CLANG_WARN_ENUM_CONVERSION = YES;
				CLANG_WARN_INFINITE_RECURSION = YES;
				CLANG_WARN_INT_CONVERSION = YES;
				CLANG_WARN_NON_LITERAL_NULL_CONVERSION = YES;
				CLANG_WARN_OBJC_IMPLICIT_RETAIN_SELF = YES;
				CLANG_WARN_OBJC_LITERAL_CONVERSION = YES;
				CLANG_WARN_OBJC_ROOT_CLASS = YES_ERROR;
				CLANG_WARN_QUOTED_INCLUDE_IN_FRAMEWORK_HEADER = YES;
				CLANG_WARN_RANGE_LOOP_ANALYSIS = YES;
				CLANG_WARN_STRICT_PROTOTYPES = YES;
				CLANG_WARN_SUSPICIOUS_MOVE = YES;
				CLANG_WARN_UNGUARDED_AVAILABILITY = YES_AGGRESSIVE;
				CLANG_WARN_UNREACHABLE_CODE = YES;
				CLANG_WARN__DUPLICATE_METHOD_MATCH = YES;
				COPY_PHASE_STRIP = NO;
				DEAD_CODE_STRIPPING = YES;
				DEBUG_INFORMATION_FORMAT = "dwarf-with-dsym";
				DEVELOPMENT_TEAM = CUUXST9H3K;
				ENABLE_NS_ASSERTIONS = NO;
				ENABLE_STRICT_OBJC_MSGSEND = YES;
				ENABLE_USER_SCRIPT_SANDBOXING = YES;
				GCC_C_LANGUAGE_STANDARD = gnu11;
				GCC_NO_COMMON_BLOCKS = YES;
				GCC_WARN_64_TO_32_BIT_CONVERSION = YES;
				GCC_WARN_ABOUT_RETURN_TYPE = YES_ERROR;
				GCC_WARN_UNDECLARED_SELECTOR = YES;
				GCC_WARN_UNINITIALIZED_AUTOS = YES_AGGRESSIVE;
				GCC_WARN_UNUSED_FUNCTION = YES;
				GCC_WARN_UNUSED_VARIABLE = YES;
				MTL_ENABLE_DEBUG_INFO = NO;
				MTL_FAST_MATH = YES;
				SWIFT_COMPILATION_MODE = wholemodule;
				SWIFT_OPTIMIZATION_LEVEL = "-O";
			};
			name = Release;
		};
		AB171D05275D9B52008C19BB /* Debug */ = {
			isa = XCBuildConfiguration;
			buildSettings = {
				ASSETCATALOG_COMPILER_APPICON_NAME = AppIcon;
				ASSETCATALOG_COMPILER_GLOBAL_ACCENT_COLOR_NAME = AccentColor;
				CODE_SIGN_ENTITLEMENTS = "rose.bud.thorn (iOS).entitlements";
				CODE_SIGN_STYLE = Automatic;
				CURRENT_PROJECT_VERSION = 10;
				ENABLE_PREVIEWS = YES;
				GENERATE_INFOPLIST_FILE = YES;
				INFOPLIST_KEY_LSApplicationCategoryType = "public.app-category.productivity";
				INFOPLIST_KEY_UIApplicationSceneManifest_Generation = YES;
				INFOPLIST_KEY_UIApplicationSupportsIndirectInputEvents = YES;
				INFOPLIST_KEY_UILaunchScreen_Generation = YES;
				INFOPLIST_KEY_UISupportedInterfaceOrientations_iPad = "UIInterfaceOrientationPortrait UIInterfaceOrientationPortraitUpsideDown UIInterfaceOrientationLandscapeLeft UIInterfaceOrientationLandscapeRight";
				INFOPLIST_KEY_UISupportedInterfaceOrientations_iPhone = "UIInterfaceOrientationPortrait UIInterfaceOrientationLandscapeLeft UIInterfaceOrientationLandscapeRight";
				IPHONEOS_DEPLOYMENT_TARGET = 16.1;
				LD_RUNPATH_SEARCH_PATHS = (
					"$(inherited)",
					"@executable_path/Frameworks",
				);
				MARKETING_VERSION = 1.0;
				PRODUCT_BUNDLE_IDENTIFIER = "com.eweandme.rose-bud-thorn";
				PRODUCT_NAME = rose.bud.thorn;
				SDKROOT = iphoneos;
				SWIFT_EMIT_LOC_STRINGS = YES;
				SWIFT_VERSION = 5.0;
				TARGETED_DEVICE_FAMILY = "1,2";
			};
			name = Debug;
		};
		AB171D06275D9B52008C19BB /* Release */ = {
			isa = XCBuildConfiguration;
			buildSettings = {
				ASSETCATALOG_COMPILER_APPICON_NAME = AppIcon;
				ASSETCATALOG_COMPILER_GLOBAL_ACCENT_COLOR_NAME = AccentColor;
				CODE_SIGN_ENTITLEMENTS = "rose.bud.thorn (iOS).entitlements";
				CODE_SIGN_STYLE = Automatic;
				CURRENT_PROJECT_VERSION = 10;
				ENABLE_PREVIEWS = YES;
				GENERATE_INFOPLIST_FILE = YES;
				INFOPLIST_KEY_LSApplicationCategoryType = "public.app-category.productivity";
				INFOPLIST_KEY_UIApplicationSceneManifest_Generation = YES;
				INFOPLIST_KEY_UIApplicationSupportsIndirectInputEvents = YES;
				INFOPLIST_KEY_UILaunchScreen_Generation = YES;
				INFOPLIST_KEY_UISupportedInterfaceOrientations_iPad = "UIInterfaceOrientationPortrait UIInterfaceOrientationPortraitUpsideDown UIInterfaceOrientationLandscapeLeft UIInterfaceOrientationLandscapeRight";
				INFOPLIST_KEY_UISupportedInterfaceOrientations_iPhone = "UIInterfaceOrientationPortrait UIInterfaceOrientationLandscapeLeft UIInterfaceOrientationLandscapeRight";
				IPHONEOS_DEPLOYMENT_TARGET = 16.1;
				LD_RUNPATH_SEARCH_PATHS = (
					"$(inherited)",
					"@executable_path/Frameworks",
				);
				MARKETING_VERSION = 1.0;
				PRODUCT_BUNDLE_IDENTIFIER = "com.eweandme.rose-bud-thorn";
				PRODUCT_NAME = rose.bud.thorn;
				SDKROOT = iphoneos;
				SWIFT_EMIT_LOC_STRINGS = YES;
				SWIFT_VERSION = 5.0;
				TARGETED_DEVICE_FAMILY = "1,2";
				VALIDATE_PRODUCT = YES;
			};
			name = Release;
		};
		AB171D08275D9B52008C19BB /* Debug */ = {
			isa = XCBuildConfiguration;
			buildSettings = {
				ASSETCATALOG_COMPILER_APPICON_NAME = AppIcon;
				ASSETCATALOG_COMPILER_GLOBAL_ACCENT_COLOR_NAME = AccentColor;
				CODE_SIGN_ENTITLEMENTS = macOS/macOS.entitlements;
				CODE_SIGN_IDENTITY = "-";
				CODE_SIGN_STYLE = Automatic;
				COMBINE_HIDPI_IMAGES = YES;
				CURRENT_PROJECT_VERSION = 10;
				DEAD_CODE_STRIPPING = YES;
				ENABLE_HARDENED_RUNTIME = YES;
				ENABLE_PREVIEWS = YES;
				GENERATE_INFOPLIST_FILE = YES;
				INFOPLIST_KEY_NSHumanReadableCopyright = "";
				LD_RUNPATH_SEARCH_PATHS = (
					"$(inherited)",
					"@executable_path/../Frameworks",
				);
				MACOSX_DEPLOYMENT_TARGET = 12.0;
				MARKETING_VERSION = 1.0;
				PRODUCT_BUNDLE_IDENTIFIER = "com.eweandme.rose-bud-thorn";
				PRODUCT_NAME = rose.bud.thorn;
				SDKROOT = macosx;
				SWIFT_EMIT_LOC_STRINGS = YES;
				SWIFT_VERSION = 5.0;
			};
			name = Debug;
		};
		AB171D09275D9B52008C19BB /* Release */ = {
			isa = XCBuildConfiguration;
			buildSettings = {
				ASSETCATALOG_COMPILER_APPICON_NAME = AppIcon;
				ASSETCATALOG_COMPILER_GLOBAL_ACCENT_COLOR_NAME = AccentColor;
				CODE_SIGN_ENTITLEMENTS = macOS/macOS.entitlements;
				CODE_SIGN_IDENTITY = "-";
				CODE_SIGN_STYLE = Automatic;
				COMBINE_HIDPI_IMAGES = YES;
				CURRENT_PROJECT_VERSION = 10;
				DEAD_CODE_STRIPPING = YES;
				ENABLE_HARDENED_RUNTIME = YES;
				ENABLE_PREVIEWS = YES;
				GENERATE_INFOPLIST_FILE = YES;
				INFOPLIST_KEY_NSHumanReadableCopyright = "";
				LD_RUNPATH_SEARCH_PATHS = (
					"$(inherited)",
					"@executable_path/../Frameworks",
				);
				MACOSX_DEPLOYMENT_TARGET = 12.0;
				MARKETING_VERSION = 1.0;
				PRODUCT_BUNDLE_IDENTIFIER = "com.eweandme.rose-bud-thorn";
				PRODUCT_NAME = rose.bud.thorn;
				SDKROOT = macosx;
				SWIFT_EMIT_LOC_STRINGS = YES;
				SWIFT_VERSION = 5.0;
			};
			name = Release;
		};
		AB171D0B275D9B52008C19BB /* Debug */ = {
			isa = XCBuildConfiguration;
			buildSettings = {
				CODE_SIGN_STYLE = Automatic;
				CURRENT_PROJECT_VERSION = 10;
				GENERATE_INFOPLIST_FILE = YES;
				IPHONEOS_DEPLOYMENT_TARGET = 16.1;
				LD_RUNPATH_SEARCH_PATHS = (
					"$(inherited)",
					"@executable_path/Frameworks",
					"@loader_path/Frameworks",
				);
				MARKETING_VERSION = 1.0;
				PRODUCT_BUNDLE_IDENTIFIER = "com.eweandme.Tests-iOS";
				PRODUCT_NAME = "$(TARGET_NAME)";
				SDKROOT = iphoneos;
				SWIFT_EMIT_LOC_STRINGS = NO;
				SWIFT_VERSION = 5.0;
				TARGETED_DEVICE_FAMILY = "1,2";
				TEST_TARGET_NAME = "rose.bud.thorn (iOS)";
			};
			name = Debug;
		};
		AB171D0C275D9B52008C19BB /* Release */ = {
			isa = XCBuildConfiguration;
			buildSettings = {
				CODE_SIGN_STYLE = Automatic;
				CURRENT_PROJECT_VERSION = 10;
				GENERATE_INFOPLIST_FILE = YES;
				IPHONEOS_DEPLOYMENT_TARGET = 16.1;
				LD_RUNPATH_SEARCH_PATHS = (
					"$(inherited)",
					"@executable_path/Frameworks",
					"@loader_path/Frameworks",
				);
				MARKETING_VERSION = 1.0;
				PRODUCT_BUNDLE_IDENTIFIER = "com.eweandme.Tests-iOS";
				PRODUCT_NAME = "$(TARGET_NAME)";
				SDKROOT = iphoneos;
				SWIFT_EMIT_LOC_STRINGS = NO;
				SWIFT_VERSION = 5.0;
				TARGETED_DEVICE_FAMILY = "1,2";
				TEST_TARGET_NAME = "rose.bud.thorn (iOS)";
				VALIDATE_PRODUCT = YES;
			};
			name = Release;
		};
		AB171D0E275D9B52008C19BB /* Debug */ = {
			isa = XCBuildConfiguration;
			buildSettings = {
				CODE_SIGN_STYLE = Automatic;
				COMBINE_HIDPI_IMAGES = YES;
				CURRENT_PROJECT_VERSION = 10;
				DEAD_CODE_STRIPPING = YES;
				GENERATE_INFOPLIST_FILE = YES;
				LD_RUNPATH_SEARCH_PATHS = (
					"$(inherited)",
					"@executable_path/../Frameworks",
					"@loader_path/../Frameworks",
				);
				MACOSX_DEPLOYMENT_TARGET = 12.0;
				MARKETING_VERSION = 1.0;
				PRODUCT_BUNDLE_IDENTIFIER = "com.eweandme.Tests-macOS";
				PRODUCT_NAME = "$(TARGET_NAME)";
				SDKROOT = macosx;
				SWIFT_EMIT_LOC_STRINGS = NO;
				SWIFT_VERSION = 5.0;
				TEST_TARGET_NAME = "rose.bud.thorn (macOS)";
			};
			name = Debug;
		};
		AB171D0F275D9B52008C19BB /* Release */ = {
			isa = XCBuildConfiguration;
			buildSettings = {
				CODE_SIGN_STYLE = Automatic;
				COMBINE_HIDPI_IMAGES = YES;
				CURRENT_PROJECT_VERSION = 10;
				DEAD_CODE_STRIPPING = YES;
				GENERATE_INFOPLIST_FILE = YES;
				LD_RUNPATH_SEARCH_PATHS = (
					"$(inherited)",
					"@executable_path/../Frameworks",
					"@loader_path/../Frameworks",
				);
				MACOSX_DEPLOYMENT_TARGET = 12.0;
				MARKETING_VERSION = 1.0;
				PRODUCT_BUNDLE_IDENTIFIER = "com.eweandme.Tests-macOS";
				PRODUCT_NAME = "$(TARGET_NAME)";
				SDKROOT = macosx;
				SWIFT_EMIT_LOC_STRINGS = NO;
				SWIFT_VERSION = 5.0;
				TEST_TARGET_NAME = "rose.bud.thorn (macOS)";
			};
			name = Release;
		};
/* End XCBuildConfiguration section */

/* Begin XCConfigurationList section */
		AB171CD2275D9B50008C19BB /* Build configuration list for PBXProject "rose.bud.thorn" */ = {
			isa = XCConfigurationList;
			buildConfigurations = (
				AB171D02275D9B52008C19BB /* Debug */,
				AB171D03275D9B52008C19BB /* Release */,
			);
			defaultConfigurationIsVisible = 0;
			defaultConfigurationName = Release;
		};
		AB171D04275D9B52008C19BB /* Build configuration list for PBXNativeTarget "rose.bud.thorn (iOS)" */ = {
			isa = XCConfigurationList;
			buildConfigurations = (
				AB171D05275D9B52008C19BB /* Debug */,
				AB171D06275D9B52008C19BB /* Release */,
			);
			defaultConfigurationIsVisible = 0;
			defaultConfigurationName = Release;
		};
		AB171D07275D9B52008C19BB /* Build configuration list for PBXNativeTarget "rose.bud.thorn (macOS)" */ = {
			isa = XCConfigurationList;
			buildConfigurations = (
				AB171D08275D9B52008C19BB /* Debug */,
				AB171D09275D9B52008C19BB /* Release */,
			);
			defaultConfigurationIsVisible = 0;
			defaultConfigurationName = Release;
		};
		AB171D0A275D9B52008C19BB /* Build configuration list for PBXNativeTarget "Tests iOS" */ = {
			isa = XCConfigurationList;
			buildConfigurations = (
				AB171D0B275D9B52008C19BB /* Debug */,
				AB171D0C275D9B52008C19BB /* Release */,
			);
			defaultConfigurationIsVisible = 0;
			defaultConfigurationName = Release;
		};
		AB171D0D275D9B52008C19BB /* Build configuration list for PBXNativeTarget "Tests macOS" */ = {
			isa = XCConfigurationList;
			buildConfigurations = (
				AB171D0E275D9B52008C19BB /* Debug */,
				AB171D0F275D9B52008C19BB /* Release */,
			);
			defaultConfigurationIsVisible = 0;
			defaultConfigurationName = Release;
		};
/* End XCConfigurationList section */
	};
	rootObject = AB171CCF275D9B50008C19BB /* Project object */;
}
